// !$*UTF8*$!
{
	archiveVersion = 1;
	classes = {
	};
	objectVersion = 50;
	objects = {

/* Begin PBXBuildFile section */
		AB2EA9ED26BE492B00D9DEA9 /* Post.swift in Sources */ = {isa = PBXBuildFile; fileRef = AB2EA9EC26BE492B00D9DEA9 /* Post.swift */; };
		AB2EA9F126BE4FB300D9DEA9 /* PostTableViewCell.swift in Sources */ = {isa = PBXBuildFile; fileRef = AB2EA9EF26BE4FB300D9DEA9 /* PostTableViewCell.swift */; };
		AB2EA9F226BE4FB300D9DEA9 /* PostTableViewCell.xib in Resources */ = {isa = PBXBuildFile; fileRef = AB2EA9F026BE4FB300D9DEA9 /* PostTableViewCell.xib */; };
		ABDF905526BD17E2006EC4E6 /* AppDelegate.swift in Sources */ = {isa = PBXBuildFile; fileRef = ABDF905426BD17E2006EC4E6 /* AppDelegate.swift */; };
		ABDF905726BD17E2006EC4E6 /* SceneDelegate.swift in Sources */ = {isa = PBXBuildFile; fileRef = ABDF905626BD17E2006EC4E6 /* SceneDelegate.swift */; };
		ABDF905C26BD17E2006EC4E6 /* Main.storyboard in Resources */ = {isa = PBXBuildFile; fileRef = ABDF905A26BD17E2006EC4E6 /* Main.storyboard */; };
		ABDF905F26BD17E2006EC4E6 /* InstagramOwn.xcdatamodeld in Sources */ = {isa = PBXBuildFile; fileRef = ABDF905D26BD17E2006EC4E6 /* InstagramOwn.xcdatamodeld */; };
		ABDF906126BD17E2006EC4E6 /* Assets.xcassets in Resources */ = {isa = PBXBuildFile; fileRef = ABDF906026BD17E2006EC4E6 /* Assets.xcassets */; };
		ABDF906426BD17E2006EC4E6 /* LaunchScreen.storyboard in Resources */ = {isa = PBXBuildFile; fileRef = ABDF906226BD17E2006EC4E6 /* LaunchScreen.storyboard */; };
		ABDF907026BD1886006EC4E6 /* HomeViewController.swift in Sources */ = {isa = PBXBuildFile; fileRef = ABDF906E26BD1886006EC4E6 /* HomeViewController.swift */; };
		ABDF907126BD1886006EC4E6 /* HomeViewController.xib in Resources */ = {isa = PBXBuildFile; fileRef = ABDF906F26BD1886006EC4E6 /* HomeViewController.xib */; };
		ABDF907426BD18A1006EC4E6 /* ViewController1.swift in Sources */ = {isa = PBXBuildFile; fileRef = ABDF907226BD18A1006EC4E6 /* ViewController1.swift */; };
		ABDF907526BD18A1006EC4E6 /* ViewController1.xib in Resources */ = {isa = PBXBuildFile; fileRef = ABDF907326BD18A1006EC4E6 /* ViewController1.xib */; };
		ABDF907826BD18B1006EC4E6 /* ViewController2.swift in Sources */ = {isa = PBXBuildFile; fileRef = ABDF907626BD18B1006EC4E6 /* ViewController2.swift */; };
		ABDF907926BD18B1006EC4E6 /* ViewController2.xib in Resources */ = {isa = PBXBuildFile; fileRef = ABDF907726BD18B1006EC4E6 /* ViewController2.xib */; };
		ABDF907C26BDAC8C006EC4E6 /* BaseClassViewController.swift in Sources */ = {isa = PBXBuildFile; fileRef = ABDF907B26BDAC8C006EC4E6 /* BaseClassViewController.swift */; };
/* End PBXBuildFile section */

/* Begin PBXFileReference section */
		AB2EA9EC26BE492B00D9DEA9 /* Post.swift */ = {isa = PBXFileReference; lastKnownFileType = sourcecode.swift; path = Post.swift; sourceTree = "<group>"; };
		AB2EA9EF26BE4FB300D9DEA9 /* PostTableViewCell.swift */ = {isa = PBXFileReference; lastKnownFileType = sourcecode.swift; path = PostTableViewCell.swift; sourceTree = "<group>"; };
		AB2EA9F026BE4FB300D9DEA9 /* PostTableViewCell.xib */ = {isa = PBXFileReference; lastKnownFileType = file.xib; path = PostTableViewCell.xib; sourceTree = "<group>"; };
		ABDF905126BD17E2006EC4E6 /* InstagramOwn.app */ = {isa = PBXFileReference; explicitFileType = wrapper.application; includeInIndex = 0; path = InstagramOwn.app; sourceTree = BUILT_PRODUCTS_DIR; };
		ABDF905426BD17E2006EC4E6 /* AppDelegate.swift */ = {isa = PBXFileReference; lastKnownFileType = sourcecode.swift; path = AppDelegate.swift; sourceTree = "<group>"; };
		ABDF905626BD17E2006EC4E6 /* SceneDelegate.swift */ = {isa = PBXFileReference; lastKnownFileType = sourcecode.swift; path = SceneDelegate.swift; sourceTree = "<group>"; };
		ABDF905B26BD17E2006EC4E6 /* Base */ = {isa = PBXFileReference; lastKnownFileType = file.storyboard; name = Base; path = Base.lproj/Main.storyboard; sourceTree = "<group>"; };
		ABDF905E26BD17E2006EC4E6 /* InstagramOwn.xcdatamodel */ = {isa = PBXFileReference; lastKnownFileType = wrapper.xcdatamodel; path = InstagramOwn.xcdatamodel; sourceTree = "<group>"; };
		ABDF906026BD17E2006EC4E6 /* Assets.xcassets */ = {isa = PBXFileReference; lastKnownFileType = folder.assetcatalog; path = Assets.xcassets; sourceTree = "<group>"; };
		ABDF906326BD17E2006EC4E6 /* Base */ = {isa = PBXFileReference; lastKnownFileType = file.storyboard; name = Base; path = Base.lproj/LaunchScreen.storyboard; sourceTree = "<group>"; };
		ABDF906526BD17E2006EC4E6 /* Info.plist */ = {isa = PBXFileReference; lastKnownFileType = text.plist.xml; path = Info.plist; sourceTree = "<group>"; };
		ABDF906E26BD1886006EC4E6 /* HomeViewController.swift */ = {isa = PBXFileReference; lastKnownFileType = sourcecode.swift; path = HomeViewController.swift; sourceTree = "<group>"; };
		ABDF906F26BD1886006EC4E6 /* HomeViewController.xib */ = {isa = PBXFileReference; lastKnownFileType = file.xib; path = HomeViewController.xib; sourceTree = "<group>"; };
		ABDF907226BD18A1006EC4E6 /* ViewController1.swift */ = {isa = PBXFileReference; lastKnownFileType = sourcecode.swift; path = ViewController1.swift; sourceTree = "<group>"; };
		ABDF907326BD18A1006EC4E6 /* ViewController1.xib */ = {isa = PBXFileReference; lastKnownFileType = file.xib; path = ViewController1.xib; sourceTree = "<group>"; };
		ABDF907626BD18B1006EC4E6 /* ViewController2.swift */ = {isa = PBXFileReference; lastKnownFileType = sourcecode.swift; path = ViewController2.swift; sourceTree = "<group>"; };
		ABDF907726BD18B1006EC4E6 /* ViewController2.xib */ = {isa = PBXFileReference; lastKnownFileType = file.xib; path = ViewController2.xib; sourceTree = "<group>"; };
		ABDF907B26BDAC8C006EC4E6 /* BaseClassViewController.swift */ = {isa = PBXFileReference; lastKnownFileType = sourcecode.swift; path = BaseClassViewController.swift; sourceTree = "<group>"; };
/* End PBXFileReference section */

/* Begin PBXFrameworksBuildPhase section */
		ABDF904E26BD17E2006EC4E6 /* Frameworks */ = {
			isa = PBXFrameworksBuildPhase;
			buildActionMask = 2147483647;
			files = (
			);
			runOnlyForDeploymentPostprocessing = 0;
		};
/* End PBXFrameworksBuildPhase section */

/* Begin PBXGroup section */
		AB2EA9EB26BE490900D9DEA9 /* Inctance */ = {
			isa = PBXGroup;
			children = (
				AB2EA9EC26BE492B00D9DEA9 /* Post.swift */,
			);
			path = Inctance;
			sourceTree = "<group>";
		};
		AB2EA9EE26BE4F8900D9DEA9 /* Cell */ = {
			isa = PBXGroup;
			children = (
				AB2EA9EF26BE4FB300D9DEA9 /* PostTableViewCell.swift */,
				AB2EA9F026BE4FB300D9DEA9 /* PostTableViewCell.xib */,
			);
			path = Cell;
			sourceTree = "<group>";
		};
		ABDF904826BD17E2006EC4E6 = {
			isa = PBXGroup;
			children = (
				ABDF905326BD17E2006EC4E6 /* InstagramOwn */,
				ABDF905226BD17E2006EC4E6 /* Products */,
			);
			sourceTree = "<group>";
		};
		ABDF905226BD17E2006EC4E6 /* Products */ = {
			isa = PBXGroup;
			children = (
				ABDF905126BD17E2006EC4E6 /* InstagramOwn.app */,
			);
			name = Products;
			sourceTree = "<group>";
		};
		ABDF905326BD17E2006EC4E6 /* InstagramOwn */ = {
			isa = PBXGroup;
			children = (
				AB2EA9EE26BE4F8900D9DEA9 /* Cell */,
				ABDF907A26BD18BF006EC4E6 /* extra */,
				AB2EA9EB26BE490900D9DEA9 /* Inctance */,
				ABDF906C26BD184D006EC4E6 /* controllers */,
				ABDF905426BD17E2006EC4E6 /* AppDelegate.swift */,
				ABDF905626BD17E2006EC4E6 /* SceneDelegate.swift */,
				ABDF906526BD17E2006EC4E6 /* Info.plist */,
				ABDF906B26BD1814006EC4E6 /* appUtils */,
			);
			path = InstagramOwn;
			sourceTree = "<group>";
		};
		ABDF906B26BD1814006EC4E6 /* appUtils */ = {
			isa = PBXGroup;
			children = (
				ABDF905A26BD17E2006EC4E6 /* Main.storyboard */,
				ABDF906226BD17E2006EC4E6 /* LaunchScreen.storyboard */,
				ABDF905D26BD17E2006EC4E6 /* InstagramOwn.xcdatamodeld */,
				ABDF906026BD17E2006EC4E6 /* Assets.xcassets */,
			);
			path = appUtils;
			sourceTree = "<group>";
		};
		ABDF906C26BD184D006EC4E6 /* controllers */ = {
			isa = PBXGroup;
			children = (
				ABDF907B26BDAC8C006EC4E6 /* BaseClassViewController.swift */,
				ABDF906E26BD1886006EC4E6 /* HomeViewController.swift */,
				ABDF907226BD18A1006EC4E6 /* ViewController1.swift */,
				ABDF907626BD18B1006EC4E6 /* ViewController2.swift */,
				ABDF906F26BD1886006EC4E6 /* HomeViewController.xib */,
				ABDF907326BD18A1006EC4E6 /* ViewController1.xib */,
				ABDF907726BD18B1006EC4E6 /* ViewController2.xib */,
			);
			path = controllers;
			sourceTree = "<group>";
		};
		ABDF907A26BD18BF006EC4E6 /* extra */ = {
			isa = PBXGroup;
			children = (
			);
			path = extra;
			sourceTree = "<group>";
		};
/* End PBXGroup section */

/* Begin PBXNativeTarget section */
		ABDF905026BD17E2006EC4E6 /* InstagramOwn */ = {
			isa = PBXNativeTarget;
			buildConfigurationList = ABDF906826BD17E2006EC4E6 /* Build configuration list for PBXNativeTarget "InstagramOwn" */;
			buildPhases = (
				ABDF904D26BD17E2006EC4E6 /* Sources */,
				ABDF904E26BD17E2006EC4E6 /* Frameworks */,
				ABDF904F26BD17E2006EC4E6 /* Resources */,
			);
			buildRules = (
			);
			dependencies = (
			);
			name = InstagramOwn;
			productName = InstagramOwn;
			productReference = ABDF905126BD17E2006EC4E6 /* InstagramOwn.app */;
			productType = "com.apple.product-type.application";
		};
/* End PBXNativeTarget section */

/* Begin PBXProject section */
		ABDF904926BD17E2006EC4E6 /* Project object */ = {
			isa = PBXProject;
			attributes = {
				LastSwiftUpdateCheck = 1250;
				LastUpgradeCheck = 1250;
				TargetAttributes = {
					ABDF905026BD17E2006EC4E6 = {
						CreatedOnToolsVersion = 12.5.1;
					};
				};
			};
			buildConfigurationList = ABDF904C26BD17E2006EC4E6 /* Build configuration list for PBXProject "InstagramOwn" */;
			compatibilityVersion = "Xcode 9.3";
			developmentRegion = en;
			hasScannedForEncodings = 0;
			knownRegions = (
				en,
				Base,
			);
			mainGroup = ABDF904826BD17E2006EC4E6;
			productRefGroup = ABDF905226BD17E2006EC4E6 /* Products */;
			projectDirPath = "";
			projectRoot = "";
			targets = (
				ABDF905026BD17E2006EC4E6 /* InstagramOwn */,
			);
		};
/* End PBXProject section */

/* Begin PBXResourcesBuildPhase section */
		ABDF904F26BD17E2006EC4E6 /* Resources */ = {
			isa = PBXResourcesBuildPhase;
			buildActionMask = 2147483647;
			files = (
				ABDF906426BD17E2006EC4E6 /* LaunchScreen.storyboard in Resources */,
				ABDF907526BD18A1006EC4E6 /* ViewController1.xib in Resources */,
				ABDF906126BD17E2006EC4E6 /* Assets.xcassets in Resources */,
				ABDF907926BD18B1006EC4E6 /* ViewController2.xib in Resources */,
				AB2EA9F226BE4FB300D9DEA9 /* PostTableViewCell.xib in Resources */,
				ABDF905C26BD17E2006EC4E6 /* Main.storyboard in Resources */,
				ABDF907126BD1886006EC4E6 /* HomeViewController.xib in Resources */,
			);
			runOnlyForDeploymentPostprocessing = 0;
		};
/* End PBXResourcesBuildPhase section */

/* Begin PBXSourcesBuildPhase section */
		ABDF904D26BD17E2006EC4E6 /* Sources */ = {
			isa = PBXSourcesBuildPhase;
			buildActionMask = 2147483647;
			files = (
				ABDF905526BD17E2006EC4E6 /* AppDelegate.swift in Sources */,
				ABDF907C26BDAC8C006EC4E6 /* BaseClassViewController.swift in Sources */,
				ABDF907426BD18A1006EC4E6 /* ViewController1.swift in Sources */,
				ABDF905726BD17E2006EC4E6 /* SceneDelegate.swift in Sources */,
				ABDF905F26BD17E2006EC4E6 /* InstagramOwn.xcdatamodeld in Sources */,
				AB2EA9ED26BE492B00D9DEA9 /* Post.swift in Sources */,
				ABDF907026BD1886006EC4E6 /* HomeViewController.swift in Sources */,
				ABDF907826BD18B1006EC4E6 /* ViewController2.swift in Sources */,
				AB2EA9F126BE4FB300D9DEA9 /* PostTableViewCell.swift in Sources */,
			);
			runOnlyForDeploymentPostprocessing = 0;
		};
/* End PBXSourcesBuildPhase section */

/* Begin PBXVariantGroup section */
		ABDF905A26BD17E2006EC4E6 /* Main.storyboard */ = {
			isa = PBXVariantGroup;
			children = (
				ABDF905B26BD17E2006EC4E6 /* Base */,
			);
			name = Main.storyboard;
			sourceTree = "<group>";
		};
		ABDF906226BD17E2006EC4E6 /* LaunchScreen.storyboard */ = {
			isa = PBXVariantGroup;
			children = (
				ABDF906326BD17E2006EC4E6 /* Base */,
			);
			name = LaunchScreen.storyboard;
			sourceTree = "<group>";
		};
/* End PBXVariantGroup section */

/* Begin XCBuildConfiguration section */
		ABDF906626BD17E2006EC4E6 /* Debug */ = {
			isa = XCBuildConfiguration;
			buildSettings = {
				ALWAYS_SEARCH_USER_PATHS = NO;
				CLANG_ANALYZER_NONNULL = YES;
				CLANG_ANALYZER_NUMBER_OBJECT_CONVERSION = YES_AGGRESSIVE;
				CLANG_CXX_LANGUAGE_STANDARD = "gnu++14";
				CLANG_CXX_LIBRARY = "libc++";
				CLANG_ENABLE_MODULES = YES;
				CLANG_ENABLE_OBJC_ARC = YES;
				CLANG_ENABLE_OBJC_WEAK = YES;
				CLANG_WARN_BLOCK_CAPTURE_AUTORELEASING = YES;
				CLANG_WARN_BOOL_CONVERSION = YES;
				CLANG_WARN_COMMA = YES;
				CLANG_WARN_CONSTANT_CONVERSION = YES;
				CLANG_WARN_DEPRECATED_OBJC_IMPLEMENTATIONS = YES;
				CLANG_WARN_DIRECT_OBJC_ISA_USAGE = YES_ERROR;
				CLANG_WARN_DOCUMENTATION_COMMENTS = YES;
				CLANG_WARN_EMPTY_BODY = YES;
				CLANG_WARN_ENUM_CONVERSION = YES;
				CLANG_WARN_INFINITE_RECURSION = YES;
				CLANG_WARN_INT_CONVERSION = YES;
				CLANG_WARN_NON_LITERAL_NULL_CONVERSION = YES;
				CLANG_WARN_OBJC_IMPLICIT_RETAIN_SELF = YES;
				CLANG_WARN_OBJC_LITERAL_CONVERSION = YES;
				CLANG_WARN_OBJC_ROOT_CLASS = YES_ERROR;
				CLANG_WARN_QUOTED_INCLUDE_IN_FRAMEWORK_HEADER = YES;
				CLANG_WARN_RANGE_LOOP_ANALYSIS = YES;
				CLANG_WARN_STRICT_PROTOTYPES = YES;
				CLANG_WARN_SUSPICIOUS_MOVE = YES;
				CLANG_WARN_UNGUARDED_AVAILABILITY = YES_AGGRESSIVE;
				CLANG_WARN_UNREACHABLE_CODE = YES;
				CLANG_WARN__DUPLICATE_METHOD_MATCH = YES;
				COPY_PHASE_STRIP = NO;
				DEBUG_INFORMATION_FORMAT = dwarf;
				ENABLE_STRICT_OBJC_MSGSEND = YES;
				ENABLE_TESTABILITY = YES;
				GCC_C_LANGUAGE_STANDARD = gnu11;
				GCC_DYNAMIC_NO_PIC = NO;
				GCC_NO_COMMON_BLOCKS = YES;
				GCC_OPTIMIZATION_LEVEL = 0;
				GCC_PREPROCESSOR_DEFINITIONS = (
					"DEBUG=1",
					"$(inherited)",
				);
				GCC_WARN_64_TO_32_BIT_CONVERSION = YES;
				GCC_WARN_ABOUT_RETURN_TYPE = YES_ERROR;
				GCC_WARN_UNDECLARED_SELECTOR = YES;
				GCC_WARN_UNINITIALIZED_AUTOS = YES_AGGRESSIVE;
				GCC_WARN_UNUSED_FUNCTION = YES;
				GCC_WARN_UNUSED_VARIABLE = YES;
				IPHONEOS_DEPLOYMENT_TARGET = 14.5;
				MTL_ENABLE_DEBUG_INFO = INCLUDE_SOURCE;
				MTL_FAST_MATH = YES;
				ONLY_ACTIVE_ARCH = YES;
				SDKROOT = iphoneos;
				SWIFT_ACTIVE_COMPILATION_CONDITIONS = DEBUG;
				SWIFT_OPTIMIZATION_LEVEL = "-Onone";
			};
			name = Debug;
		};
		ABDF906726BD17E2006EC4E6 /* Release */ = {
			isa = XCBuildConfiguration;
			buildSettings = {
				ALWAYS_SEARCH_USER_PATHS = NO;
				CLANG_ANALYZER_NONNULL = YES;
				CLANG_ANALYZER_NUMBER_OBJECT_CONVERSION = YES_AGGRESSIVE;
				CLANG_CXX_LANGUAGE_STANDARD = "gnu++14";
				CLANG_CXX_LIBRARY = "libc++";
				CLANG_ENABLE_MODULES = YES;
				CLANG_ENABLE_OBJC_ARC = YES;
				CLANG_ENABLE_OBJC_WEAK = YES;
				CLANG_WARN_BLOCK_CAPTURE_AUTORELEASING = YES;
				CLANG_WARN_BOOL_CONVERSION = YES;
				CLANG_WARN_COMMA = YES;
				CLANG_WARN_CONSTANT_CONVERSION = YES;
				CLANG_WARN_DEPRECATED_OBJC_IMPLEMENTATIONS = YES;
				CLANG_WARN_DIRECT_OBJC_ISA_USAGE = YES_ERROR;
				CLANG_WARN_DOCUMENTATION_COMMENTS = YES;
				CLANG_WARN_EMPTY_BODY = YES;
				CLANG_WARN_ENUM_CONVERSION = YES;
				CLANG_WARN_INFINITE_RECURSION = YES;
				CLANG_WARN_INT_CONVERSION = YES;
				CLANG_WARN_NON_LITERAL_NULL_CONVERSION = YES;
				CLANG_WARN_OBJC_IMPLICIT_RETAIN_SELF = YES;
				CLANG_WARN_OBJC_LITERAL_CONVERSION = YES;
				CLANG_WARN_OBJC_ROOT_CLASS = YES_ERROR;
				CLANG_WARN_QUOTED_INCLUDE_IN_FRAMEWORK_HEADER = YES;
				CLANG_WARN_RANGE_LOOP_ANALYSIS = YES;
				CLANG_WARN_STRICT_PROTOTYPES = YES;
				CLANG_WARN_SUSPICIOUS_MOVE = YES;
				CLANG_WARN_UNGUARDED_AVAILABILITY = YES_AGGRESSIVE;
				CLANG_WARN_UNREACHABLE_CODE = YES;
				CLANG_WARN__DUPLICATE_METHOD_MATCH = YES;
				COPY_PHASE_STRIP = NO;
				DEBUG_INFORMATION_FORMAT = "dwarf-with-dsym";
				ENABLE_NS_ASSERTIONS = NO;
				ENABLE_STRICT_OBJC_MSGSEND = YES;
				GCC_C_LANGUAGE_STANDARD = gnu11;
				GCC_NO_COMMON_BLOCKS = YES;
				GCC_WARN_64_TO_32_BIT_CONVERSION = YES;
				GCC_WARN_ABOUT_RETURN_TYPE = YES_ERROR;
				GCC_WARN_UNDECLARED_SELECTOR = YES;
				GCC_WARN_UNINITIALIZED_AUTOS = YES_AGGRESSIVE;
				GCC_WARN_UNUSED_FUNCTION = YES;
				GCC_WARN_UNUSED_VARIABLE = YES;
				IPHONEOS_DEPLOYMENT_TARGET = 14.5;
				MTL_ENABLE_DEBUG_INFO = NO;
				MTL_FAST_MATH = YES;
				SDKROOT = iphoneos;
				SWIFT_COMPILATION_MODE = wholemodule;
				SWIFT_OPTIMIZATION_LEVEL = "-O";
				VALIDATE_PRODUCT = YES;
			};
			name = Release;
		};
		ABDF906926BD17E2006EC4E6 /* Debug */ = {
			isa = XCBuildConfiguration;
			buildSettings = {
				ASSETCATALOG_COMPILER_APPICON_NAME = AppIcon;
				ASSETCATALOG_COMPILER_GLOBAL_ACCENT_COLOR_NAME = AccentColor;
				CODE_SIGN_STYLE = Automatic;
				INFOPLIST_FILE = InstagramOwn/Info.plist;
				LD_RUNPATH_SEARCH_PATHS = (
					"$(inherited)",
					"@executable_path/Frameworks",
				);
				PRODUCT_BUNDLE_IDENTIFIER = www.InstagramOwn;
				PRODUCT_NAME = "$(TARGET_NAME)";
				SWIFT_VERSION = 5.0;
				TARGETED_DEVICE_FAMILY = "1,2";
			};
			name = Debug;
		};
		ABDF906A26BD17E2006EC4E6 /* Release */ = {
			isa = XCBuildConfiguration;
			buildSettings = {
				ASSETCATALOG_COMPILER_APPICON_NAME = AppIcon;
				ASSETCATALOG_COMPILER_GLOBAL_ACCENT_COLOR_NAME = AccentColor;
				CODE_SIGN_STYLE = Automatic;
				INFOPLIST_FILE = InstagramOwn/Info.plist;
				LD_RUNPATH_SEARCH_PATHS = (
					"$(inherited)",
					"@executable_path/Frameworks",
				);
				PRODUCT_BUNDLE_IDENTIFIER = www.InstagramOwn;
				PRODUCT_NAME = "$(TARGET_NAME)";
				SWIFT_VERSION = 5.0;
				TARGETED_DEVICE_FAMILY = "1,2";
			};
			name = Release;
		};
/* End XCBuildConfiguration section */

/* Begin XCConfigurationList section */
		ABDF904C26BD17E2006EC4E6 /* Build configuration list for PBXProject "InstagramOwn" */ = {
			isa = XCConfigurationList;
			buildConfigurations = (
				ABDF906626BD17E2006EC4E6 /* Debug */,
				ABDF906726BD17E2006EC4E6 /* Release */,
			);
			defaultConfigurationIsVisible = 0;
			defaultConfigurationName = Release;
		};
		ABDF906826BD17E2006EC4E6 /* Build configuration list for PBXNativeTarget "InstagramOwn" */ = {
			isa = XCConfigurationList;
			buildConfigurations = (
				ABDF906926BD17E2006EC4E6 /* Debug */,
				ABDF906A26BD17E2006EC4E6 /* Release */,
			);
			defaultConfigurationIsVisible = 0;
			defaultConfigurationName = Release;
		};
/* End XCConfigurationList section */

/* Begin XCVersionGroup section */
		ABDF905D26BD17E2006EC4E6 /* InstagramOwn.xcdatamodeld */ = {
			isa = XCVersionGroup;
			children = (
				ABDF905E26BD17E2006EC4E6 /* InstagramOwn.xcdatamodel */,
			);
			currentVersion = ABDF905E26BD17E2006EC4E6 /* InstagramOwn.xcdatamodel */;
			path = InstagramOwn.xcdatamodeld;
			sourceTree = "<group>";
			versionGroupType = wrapper.xcdatamodel;
		};
/* End XCVersionGroup section */
	};
	rootObject = ABDF904926BD17E2006EC4E6 /* Project object */;
}
